
Microsoft Visual Studio Solution File, Format Version 12.00
# Visual Studio Version 17
VisualStudioVersion = 17.10.35027.167
MinimumVisualStudioVersion = 10.0.40219.1
Project("{FAE04EC0-301F-11D3-BF4B-00C04F79EFBC}") = "Banco", "Banco\Banco.csproj", "{A6126B9B-B1C7-4F9F-AFA6-B52A1EBA3CC9}"
EndProject
Global
	GlobalSection(SolutionConfigurationPlatforms) = preSolution
		Debug|Any CPU = Debug|Any CPU
		Release|Any CPU = Release|Any CPU
	EndGlobalSection
	GlobalSection(ProjectConfigurationPlatforms) = postSolution
		{A6126B9B-B1C7-4F9F-AFA6-B52A1EBA3CC9}.Debug|Any CPU.ActiveCfg = Debug|Any CPU
		{A6126B9B-B1C7-4F9F-AFA6-B52A1EBA3CC9}.Debug|Any CPU.Build.0 = Debug|Any CPU
		{A6126B9B-B1C7-4F9F-AFA6-B52A1EBA3CC9}.Release|Any CPU.ActiveCfg = Release|Any CPU
		{A6126B9B-B1C7-4F9F-AFA6-B52A1EBA3CC9}.Release|Any CPU.Build.0 = Release|Any CPU
	EndGlobalSection
	GlobalSection(SolutionProperties) = preSolution
		HideSolutionNode = FALSE
	EndGlobalSection
	GlobalSection(ExtensibilityGlobals) = postSolution
		SolutionGuid = {2E77C38D-B783-4DA5-A513-4ADE4F8912A2}
	EndGlobalSection
EndGlobal
